
Microsoft Visual Studio Solution File, Format Version 12.00
# Visual Studio 15
VisualStudioVersion = 15.0.27703.2026
MinimumVisualStudioVersion = 10.0.40219.1
Project("{FAE04EC0-301F-11D3-BF4B-00C04F79EFBC}") = "AjaxSample", "AjaxSample\AjaxSample.csproj", "{044A6B7C-AB51-4E3E-A5B5-20F6AF229085}"
EndProject
Global
	GlobalSection(SolutionConfigurationPlatforms) = preSolution
		Debug|Any CPU = Debug|Any CPU
		Release|Any CPU = Release|Any CPU
	EndGlobalSection
	GlobalSection(ProjectConfigurationPlatforms) = postSolution
		{044A6B7C-AB51-4E3E-A5B5-20F6AF229085}.Debug|Any CPU.ActiveCfg = Debug|Any CPU
		{044A6B7C-AB51-4E3E-A5B5-20F6AF229085}.Debug|Any CPU.Build.0 = Debug|Any CPU
		{044A6B7C-AB51-4E3E-A5B5-20F6AF229085}.Release|Any CPU.ActiveCfg = Release|Any CPU
		{044A6B7C-AB51-4E3E-A5B5-20F6AF229085}.Release|Any CPU.Build.0 = Release|Any CPU
	EndGlobalSection
	GlobalSection(SolutionProperties) = preSolution
		HideSolutionNode = FALSE
	EndGlobalSection
	GlobalSection(ExtensibilityGlobals) = postSolution
		SolutionGuid = {6CC8F242-C92B-4E47-ACAB-94CCD35A0780}
	EndGlobalSection
EndGlobal
